
Microsoft Visual Studio Solution File, Format Version 12.00
# Visual Studio Version 16
VisualStudioVersion = 16.0.29201.188
MinimumVisualStudioVersion = 10.0.40219.1
Project("{FAE04EC0-301F-11D3-BF4B-00C04F79EFBC}") = "IIS2CSV", "IIS2CSV.csproj", "{4233588F-39D2-47F2-AD2E-E9974A32E87E}"
EndProject
Global
	GlobalSection(SolutionConfigurationPlatforms) = preSolution
		Debug|Any CPU = Debug|Any CPU
		Release|Any CPU = Release|Any CPU
	EndGlobalSection
	GlobalSection(ProjectConfigurationPlatforms) = postSolution
		{4233588F-39D2-47F2-AD2E-E9974A32E87E}.Debug|Any CPU.ActiveCfg = Debug|Any CPU
		{4233588F-39D2-47F2-AD2E-E9974A32E87E}.Debug|Any CPU.Build.0 = Debug|Any CPU
		{4233588F-39D2-47F2-AD2E-E9974A32E87E}.Release|Any CPU.ActiveCfg = Release|Any CPU
		{4233588F-39D2-47F2-AD2E-E9974A32E87E}.Release|Any CPU.Build.0 = Release|Any CPU
	EndGlobalSection
	GlobalSection(SolutionProperties) = preSolution
		HideSolutionNode = FALSE
	EndGlobalSection
	GlobalSection(ExtensibilityGlobals) = postSolution
		SolutionGuid = {F9B2FCE9-8C6F-4DDF-B5C8-8C1FF2D9029F}
	EndGlobalSection
EndGlobal
